
Microsoft Visual Studio Solution File, Format Version 12.00
# Visual Studio Version 17
VisualStudioVersion = 17.10.35027.167
MinimumVisualStudioVersion = 10.0.40219.1
Project("{FAE04EC0-301F-11D3-BF4B-00C04F79EFBC}") = "GList", "GList\GList.csproj", "{648D0142-60A3-4F6F-BC0F-3EE3821EDF18}"
EndProject
Global
	GlobalSection(SolutionConfigurationPlatforms) = preSolution
		Debug|Any CPU = Debug|Any CPU
		Release|Any CPU = Release|Any CPU
	EndGlobalSection
	GlobalSection(ProjectConfigurationPlatforms) = postSolution
		{648D0142-60A3-4F6F-BC0F-3EE3821EDF18}.Debug|Any CPU.ActiveCfg = Debug|Any CPU
		{648D0142-60A3-4F6F-BC0F-3EE3821EDF18}.Debug|Any CPU.Build.0 = Debug|Any CPU
		{648D0142-60A3-4F6F-BC0F-3EE3821EDF18}.Release|Any CPU.ActiveCfg = Release|Any CPU
		{648D0142-60A3-4F6F-BC0F-3EE3821EDF18}.Release|Any CPU.Build.0 = Release|Any CPU
	EndGlobalSection
	GlobalSection(SolutionProperties) = preSolution
		HideSolutionNode = FALSE
	EndGlobalSection
	GlobalSection(ExtensibilityGlobals) = postSolution
		SolutionGuid = {297F934C-5B42-4451-A922-573F3024C19D}
	EndGlobalSection
EndGlobal
